
Microsoft Visual Studio Solution File, Format Version 12.00
# Visual Studio Version 16
VisualStudioVersion = 16.0.28729.10
MinimumVisualStudioVersion = 10.0.40219.1
Project("{FAE04EC0-301F-11D3-BF4B-00C04F79EFBC}") = "TrackerUI", "TrackerUI\TrackerUI.csproj", "{734DF0FE-D010-4D92-9F2A-317796657737}"
EndProject
Project("{FAE04EC0-301F-11D3-BF4B-00C04F79EFBC}") = "TrackerLibrary", "TrackerLibraryNew\TrackerLibrary.csproj", "{9E507DDF-E37A-475C-AF1F-87054FE00200}"
EndProject
Global
	GlobalSection(SolutionConfigurationPlatforms) = preSolution
		Debug|Any CPU = Debug|Any CPU
		Release|Any CPU = Release|Any CPU
	EndGlobalSection
	GlobalSection(ProjectConfigurationPlatforms) = postSolution
		{734DF0FE-D010-4D92-9F2A-317796657737}.Debug|Any CPU.ActiveCfg = Debug|Any CPU
		{734DF0FE-D010-4D92-9F2A-317796657737}.Debug|Any CPU.Build.0 = Debug|Any CPU
		{734DF0FE-D010-4D92-9F2A-317796657737}.Release|Any CPU.ActiveCfg = Release|Any CPU
		{734DF0FE-D010-4D92-9F2A-317796657737}.Release|Any CPU.Build.0 = Release|Any CPU
		{9E507DDF-E37A-475C-AF1F-87054FE00200}.Debug|Any CPU.ActiveCfg = Debug|Any CPU
		{9E507DDF-E37A-475C-AF1F-87054FE00200}.Debug|Any CPU.Build.0 = Debug|Any CPU
		{9E507DDF-E37A-475C-AF1F-87054FE00200}.Release|Any CPU.ActiveCfg = Release|Any CPU
		{9E507DDF-E37A-475C-AF1F-87054FE00200}.Release|Any CPU.Build.0 = Release|Any CPU
	EndGlobalSection
	GlobalSection(SolutionProperties) = preSolution
		HideSolutionNode = FALSE
	EndGlobalSection
	GlobalSection(ExtensibilityGlobals) = postSolution
		SolutionGuid = {14B3AA0C-5E7B-4FDB-9AB5-81E453EE40E6}
	EndGlobalSection
EndGlobal
